
Microsoft Visual Studio Solution File, Format Version 12.00
# Visual Studio 15
VisualStudioVersion = 15.0.26124.0
MinimumVisualStudioVersion = 15.0.26124.0
Project("{9A19103F-16F7-4668-BE54-9A1E7A4F7556}") = "MyFirstAPI.Api", "MyFirstAPI.Api\MyFirstAPI.Api.csproj", "{19148B13-E6B1-4AB5-8D40-0DF5B208CF82}"
EndProject
Project("{9A19103F-16F7-4668-BE54-9A1E7A4F7556}") = "MyFirstAPI.Application", "MyFirstAPI.Application\MyFirstAPI.Application.csproj", "{B7639468-1424-4E72-8383-CFE2C5269D67}"
EndProject
Project("{9A19103F-16F7-4668-BE54-9A1E7A4F7556}") = "MyFirstAPI.Domain", "MyFirstAPI.Domain\MyFirstAPI.Domain.csproj", "{1E725884-34C2-4CAE-A016-F892E794CB5E}"
EndProject
Project("{9A19103F-16F7-4668-BE54-9A1E7A4F7556}") = "MyFirstAPI.Infrastructure", "MyFirstAPI.Infrastructure\MyFirstAPI.Infrastructure.csproj", "{0ECAD5B6-A7FE-4007-A85C-649302E203AB}"
EndProject
Project("{E53339B2-1760-4266-BCC7-CA923CBCF16C}") = "docker-compose", "docker-compose.dcproj", "{144B22F3-2643-43D7-8BFC-26FF68F37D64}"
EndProject
Global
	GlobalSection(SolutionConfigurationPlatforms) = preSolution
		Debug|Any CPU = Debug|Any CPU
		Debug|x64 = Debug|x64
		Debug|x86 = Debug|x86
		Release|Any CPU = Release|Any CPU
		Release|x64 = Release|x64
		Release|x86 = Release|x86
	EndGlobalSection
	GlobalSection(ProjectConfigurationPlatforms) = postSolution
		{19148B13-E6B1-4AB5-8D40-0DF5B208CF82}.Debug|Any CPU.ActiveCfg = Debug|Any CPU
		{19148B13-E6B1-4AB5-8D40-0DF5B208CF82}.Debug|Any CPU.Build.0 = Debug|Any CPU
		{19148B13-E6B1-4AB5-8D40-0DF5B208CF82}.Debug|x64.ActiveCfg = Debug|Any CPU
		{19148B13-E6B1-4AB5-8D40-0DF5B208CF82}.Debug|x64.Build.0 = Debug|Any CPU
		{19148B13-E6B1-4AB5-8D40-0DF5B208CF82}.Debug|x86.ActiveCfg = Debug|Any CPU
		{19148B13-E6B1-4AB5-8D40-0DF5B208CF82}.Debug|x86.Build.0 = Debug|Any CPU
		{19148B13-E6B1-4AB5-8D40-0DF5B208CF82}.Release|Any CPU.ActiveCfg = Release|Any CPU
		{19148B13-E6B1-4AB5-8D40-0DF5B208CF82}.Release|Any CPU.Build.0 = Release|Any CPU
		{19148B13-E6B1-4AB5-8D40-0DF5B208CF82}.Release|x64.ActiveCfg = Release|Any CPU
		{19148B13-E6B1-4AB5-8D40-0DF5B208CF82}.Release|x64.Build.0 = Release|Any CPU
		{19148B13-E6B1-4AB5-8D40-0DF5B208CF82}.Release|x86.ActiveCfg = Release|Any CPU
		{19148B13-E6B1-4AB5-8D40-0DF5B208CF82}.Release|x86.Build.0 = Release|Any CPU
		{B7639468-1424-4E72-8383-CFE2C5269D67}.Debug|Any CPU.ActiveCfg = Debug|Any CPU
		{B7639468-1424-4E72-8383-CFE2C5269D67}.Debug|Any CPU.Build.0 = Debug|Any CPU
		{B7639468-1424-4E72-8383-CFE2C5269D67}.Debug|x64.ActiveCfg = Debug|Any CPU
		{B7639468-1424-4E72-8383-CFE2C5269D67}.Debug|x64.Build.0 = Debug|Any CPU
		{B7639468-1424-4E72-8383-CFE2C5269D67}.Debug|x86.ActiveCfg = Debug|Any CPU
		{B7639468-1424-4E72-8383-CFE2C5269D67}.Debug|x86.Build.0 = Debug|Any CPU
		{B7639468-1424-4E72-8383-CFE2C5269D67}.Release|Any CPU.ActiveCfg = Release|Any CPU
		{B7639468-1424-4E72-8383-CFE2C5269D67}.Release|Any CPU.Build.0 = Release|Any CPU
		{B7639468-1424-4E72-8383-CFE2C5269D67}.Release|x64.ActiveCfg = Release|Any CPU
		{B7639468-1424-4E72-8383-CFE2C5269D67}.Release|x64.Build.0 = Release|Any CPU
		{B7639468-1424-4E72-8383-CFE2C5269D67}.Release|x86.ActiveCfg = Release|Any CPU
		{B7639468-1424-4E72-8383-CFE2C5269D67}.Release|x86.Build.0 = Release|Any CPU
		{1E725884-34C2-4CAE-A016-F892E794CB5E}.Debug|Any CPU.ActiveCfg = Debug|Any CPU
		{1E725884-34C2-4CAE-A016-F892E794CB5E}.Debug|Any CPU.Build.0 = Debug|Any CPU
		{1E725884-34C2-4CAE-A016-F892E794CB5E}.Debug|x64.ActiveCfg = Debug|Any CPU
		{1E725884-34C2-4CAE-A016-F892E794CB5E}.Debug|x64.Build.0 = Debug|Any CPU
		{1E725884-34C2-4CAE-A016-F892E794CB5E}.Debug|x86.ActiveCfg = Debug|Any CPU
		{1E725884-34C2-4CAE-A016-F892E794CB5E}.Debug|x86.Build.0 = Debug|Any CPU
		{1E725884-34C2-4CAE-A016-F892E794CB5E}.Release|Any CPU.ActiveCfg = Release|Any CPU
		{1E725884-34C2-4CAE-A016-F892E794CB5E}.Release|Any CPU.Build.0 = Release|Any CPU
		{1E725884-34C2-4CAE-A016-F892E794CB5E}.Release|x64.ActiveCfg = Release|Any CPU
		{1E725884-34C2-4CAE-A016-F892E794CB5E}.Release|x64.Build.0 = Release|Any CPU
		{1E725884-34C2-4CAE-A016-F892E794CB5E}.Release|x86.ActiveCfg = Release|Any CPU
		{1E725884-34C2-4CAE-A016-F892E794CB5E}.Release|x86.Build.0 = Release|Any CPU
		{0ECAD5B6-A7FE-4007-A85C-649302E203AB}.Debug|Any CPU.ActiveCfg = Debug|Any CPU
		{0ECAD5B6-A7FE-4007-A85C-649302E203AB}.Debug|Any CPU.Build.0 = Debug|Any CPU
		{0ECAD5B6-A7FE-4007-A85C-649302E203AB}.Debug|x64.ActiveCfg = Debug|Any CPU
		{0ECAD5B6-A7FE-4007-A85C-649302E203AB}.Debug|x64.Build.0 = Debug|Any CPU
		{0ECAD5B6-A7FE-4007-A85C-649302E203AB}.Debug|x86.ActiveCfg = Debug|Any CPU
		{0ECAD5B6-A7FE-4007-A85C-649302E203AB}.Debug|x86.Build.0 = Debug|Any CPU
		{0ECAD5B6-A7FE-4007-A85C-649302E203AB}.Release|Any CPU.ActiveCfg = Release|Any CPU
		{0ECAD5B6-A7FE-4007-A85C-649302E203AB}.Release|Any CPU.Build.0 = Release|Any CPU
		{0ECAD5B6-A7FE-4007-A85C-649302E203AB}.Release|x64.ActiveCfg = Release|Any CPU
		{0ECAD5B6-A7FE-4007-A85C-649302E203AB}.Release|x64.Build.0 = Release|Any CPU
		{0ECAD5B6-A7FE-4007-A85C-649302E203AB}.Release|x86.ActiveCfg = Release|Any CPU
		{0ECAD5B6-A7FE-4007-A85C-649302E203AB}.Release|x86.Build.0 = Release|Any CPU
		{144B22F3-2643-43D7-8BFC-26FF68F37D64}.Debug|Any CPU.ActiveCfg = Debug|Any CPU
		{144B22F3-2643-43D7-8BFC-26FF68F37D64}.Debug|Any CPU.Build.0 = Debug|Any CPU
		{144B22F3-2643-43D7-8BFC-26FF68F37D64}.Debug|x64.ActiveCfg = Debug|Any CPU
		{144B22F3-2643-43D7-8BFC-26FF68F37D64}.Debug|x64.Build.0 = Debug|Any CPU
		{144B22F3-2643-43D7-8BFC-26FF68F37D64}.Debug|x86.ActiveCfg = Debug|Any CPU
		{144B22F3-2643-43D7-8BFC-26FF68F37D64}.Debug|x86.Build.0 = Debug|Any CPU
		{144B22F3-2643-43D7-8BFC-26FF68F37D64}.Release|Any CPU.ActiveCfg = Release|Any CPU
		{144B22F3-2643-43D7-8BFC-26FF68F37D64}.Release|Any CPU.Build.0 = Release|Any CPU
		{144B22F3-2643-43D7-8BFC-26FF68F37D64}.Release|x64.ActiveCfg = Release|Any CPU
		{144B22F3-2643-43D7-8BFC-26FF68F37D64}.Release|x64.Build.0 = Release|Any CPU
		{144B22F3-2643-43D7-8BFC-26FF68F37D64}.Release|x86.ActiveCfg = Release|Any CPU
		{144B22F3-2643-43D7-8BFC-26FF68F37D64}.Release|x86.Build.0 = Release|Any CPU
	EndGlobalSection
	GlobalSection(SolutionProperties) = preSolution
		HideSolutionNode = FALSE
	EndGlobalSection
	GlobalSection(ExtensibilityGlobals) = postSolution
		SolutionGuid = {81FF6075-A796-467E-B557-D3C230920B89}
	EndGlobalSection
EndGlobal
